
Microsoft Visual Studio Solution File, Format Version 12.00
# Visual Studio Version 17
VisualStudioVersion = 17.4.33213.308
MinimumVisualStudioVersion = 10.0.40219.1
Project("{FAE04EC0-301F-11D3-BF4B-00C04F79EFBC}") = "assignment 3", "assignment 3.csproj", "{00071944-6BC1-4605-BD3F-746676DBF276}"
EndProject
Global
	GlobalSection(SolutionConfigurationPlatforms) = preSolution
		Debug|Any CPU = Debug|Any CPU
		Release|Any CPU = Release|Any CPU
	EndGlobalSection
	GlobalSection(ProjectConfigurationPlatforms) = postSolution
		{00071944-6BC1-4605-BD3F-746676DBF276}.Debug|Any CPU.ActiveCfg = Debug|Any CPU
		{00071944-6BC1-4605-BD3F-746676DBF276}.Debug|Any CPU.Build.0 = Debug|Any CPU
		{00071944-6BC1-4605-BD3F-746676DBF276}.Release|Any CPU.ActiveCfg = Release|Any CPU
		{00071944-6BC1-4605-BD3F-746676DBF276}.Release|Any CPU.Build.0 = Release|Any CPU
	EndGlobalSection
	GlobalSection(SolutionProperties) = preSolution
		HideSolutionNode = FALSE
	EndGlobalSection
	GlobalSection(ExtensibilityGlobals) = postSolution
		SolutionGuid = {B8B9A278-3784-4C4A-8415-0129A1CF2863}
	EndGlobalSection
EndGlobal
